
Microsoft Visual Studio Solution File, Format Version 12.00
# Visual Studio 15
VisualStudioVersion = 15.0.28010.2016
MinimumVisualStudioVersion = 10.0.40219.1
Project("{FAE04EC0-301F-11D3-BF4B-00C04F79EFBC}") = "prodajaPO", "prodajaPO\prodajaPO.csproj", "{E13C2DA0-B32B-4318-9CB2-492F6B17E816}"
EndProject
Global
	GlobalSection(SolutionConfigurationPlatforms) = preSolution
		Debug|Any CPU = Debug|Any CPU
		Release|Any CPU = Release|Any CPU
	EndGlobalSection
	GlobalSection(ProjectConfigurationPlatforms) = postSolution
		{E13C2DA0-B32B-4318-9CB2-492F6B17E816}.Debug|Any CPU.ActiveCfg = Debug|Any CPU
		{E13C2DA0-B32B-4318-9CB2-492F6B17E816}.Debug|Any CPU.Build.0 = Debug|Any CPU
		{E13C2DA0-B32B-4318-9CB2-492F6B17E816}.Release|Any CPU.ActiveCfg = Release|Any CPU
		{E13C2DA0-B32B-4318-9CB2-492F6B17E816}.Release|Any CPU.Build.0 = Release|Any CPU
	EndGlobalSection
	GlobalSection(SolutionProperties) = preSolution
		HideSolutionNode = FALSE
	EndGlobalSection
	GlobalSection(ExtensibilityGlobals) = postSolution
		SolutionGuid = {3EFFCA8B-E3DA-49BF-9CE4-E5926ADDF59A}
	EndGlobalSection
EndGlobal
